// !$*UTF8*$!
{
	archiveVersion = 1;
	classes = {
	};
	objectVersion = 46;
	objects = {

/* Begin PBXBuildFile section */
		6AABCD201D1CAB3300A0F29B /* main.cpp in Sources */ = {isa = PBXBuildFile; fileRef = 6AABCD1F1D1CAB3300A0F29B /* main.cpp */; };
		6AABCD221D1CAB3300A0F29B /* Makefile in Sources */ = {isa = PBXBuildFile; fileRef = 6AABCD211D1CAB3300A0F29B /* Makefile */; };
/* End PBXBuildFile section */

/* Begin PBXFileReference section */
		6AABCD1C1D1CAB3300A0F29B /* Index */ = {isa = PBXFileReference; explicitFileType = "compiled.mach-o.executable"; includeInIndex = 0; path = Index; sourceTree = BUILT_PRODUCTS_DIR; };
		6AABCD1F1D1CAB3300A0F29B /* main.cpp */ = {isa = PBXFileReference; lastKnownFileType = sourcecode.cpp.cpp; path = main.cpp; sourceTree = "<group>"; };
		6AABCD211D1CAB3300A0F29B /* Makefile */ = {isa = PBXFileReference; lastKnownFileType = sourcecode.make; path = Makefile; sourceTree = "<group>"; };
		6AABCD231D1CAB3300A0F29B /* ReadMe.txt */ = {isa = PBXFileReference; lastKnownFileType = text; path = ReadMe.txt; sourceTree = "<group>"; };
		6AABCD251D1CAB3300A0F29B /* Sketchbook.txt */ = {isa = PBXFileReference; lastKnownFileType = text; name = Sketchbook.txt; path = Sketchbook/Sketchbook.txt; sourceTree = "<group>"; };
		6AABCD271D1CAB3300A0F29B /* 4D Systems PICadillo 35T.xcconfig */ = {isa = PBXFileReference; lastKnownFileType = text.xcconfig; name = "4D Systems PICadillo 35T.xcconfig"; path = "Configurations/4D Systems PICadillo 35T.xcconfig"; sourceTree = "<group>"; };
		6AABCD281D1CAB3300A0F29B /* Adafruit Pro Trinket 3V-12MHz.xcconfig */ = {isa = PBXFileReference; lastKnownFileType = text.xcconfig; name = "Adafruit Pro Trinket 3V-12MHz.xcconfig"; path = "Configurations/Adafruit Pro Trinket 3V-12MHz.xcconfig"; sourceTree = "<group>"; };
		6AABCD291D1CAB3300A0F29B /* Adafruit Pro Trinket 5V-16MHz.xcconfig */ = {isa = PBXFileReference; lastKnownFileType = text.xcconfig; name = "Adafruit Pro Trinket 5V-16MHz.xcconfig"; path = "Configurations/Adafruit Pro Trinket 5V-16MHz.xcconfig"; sourceTree = "<group>"; };
		6AABCD2A1D1CAB3300A0F29B /* Adafruit Trinket 3V-8MHz.xcconfig */ = {isa = PBXFileReference; lastKnownFileType = text.xcconfig; name = "Adafruit Trinket 3V-8MHz.xcconfig"; path = "Configurations/Adafruit Trinket 3V-8MHz.xcconfig"; sourceTree = "<group>"; };
		6AABCD2B1D1CAB3300A0F29B /* Adafruit Trinket 5V-16MHz.xcconfig */ = {isa = PBXFileReference; lastKnownFileType = text.xcconfig; name = "Adafruit Trinket 5V-16MHz.xcconfig"; path = "Configurations/Adafruit Trinket 5V-16MHz.xcconfig"; sourceTree = "<group>"; };
		6AABCD2C1D1CAB3300A0F29B /* Arduino Due (Native USB Port).xcconfig */ = {isa = PBXFileReference; lastKnownFileType = text.xcconfig; name = "Arduino Due (Native USB Port).xcconfig"; path = "Configurations/Arduino Due (Native USB Port).xcconfig"; sourceTree = "<group>"; };
		6AABCD2D1D1CAB3300A0F29B /* Arduino Due (Programming Port).xcconfig */ = {isa = PBXFileReference; lastKnownFileType = text.xcconfig; name = "Arduino Due (Programming Port).xcconfig"; path = "Configurations/Arduino Due (Programming Port).xcconfig"; sourceTree = "<group>"; };
		6AABCD2E1D1CAB3300A0F29B /* Arduino Duemilanove.xcconfig */ = {isa = PBXFileReference; lastKnownFileType = text.xcconfig; name = "Arduino Duemilanove.xcconfig"; path = "Configurations/Arduino Duemilanove.xcconfig"; sourceTree = "<group>"; };
		6AABCD2F1D1CAB3300A0F29B /* Arduino Leonardo.xcconfig */ = {isa = PBXFileReference; lastKnownFileType = text.xcconfig; name = "Arduino Leonardo.xcconfig"; path = "Configurations/Arduino Leonardo.xcconfig"; sourceTree = "<group>"; };
		6AABCD301D1CAB3300A0F29B /* Arduino Mega 2560.xcconfig */ = {isa = PBXFileReference; lastKnownFileType = text.xcconfig; name = "Arduino Mega 2560.xcconfig"; path = "Configurations/Arduino Mega 2560.xcconfig"; sourceTree = "<group>"; };
		6AABCD311D1CAB3300A0F29B /* Arduino Micro.xcconfig */ = {isa = PBXFileReference; lastKnownFileType = text.xcconfig; name = "Arduino Micro.xcconfig"; path = "Configurations/Arduino Micro.xcconfig"; sourceTree = "<group>"; };
		6AABCD321D1CAB3300A0F29B /* Arduino Pro ATmega328-3.3V.xcconfig */ = {isa = PBXFileReference; lastKnownFileType = text.xcconfig; name = "Arduino Pro ATmega328-3.3V.xcconfig"; path = "Configurations/Arduino Pro ATmega328-3.3V.xcconfig"; sourceTree = "<group>"; };
		6AABCD331D1CAB3300A0F29B /* Arduino Pro ATmega328-5V.xcconfig */ = {isa = PBXFileReference; lastKnownFileType = text.xcconfig; name = "Arduino Pro ATmega328-5V.xcconfig"; path = "Configurations/Arduino Pro ATmega328-5V.xcconfig"; sourceTree = "<group>"; };
		6AABCD341D1CAB3300A0F29B /* Arduino Mini ATmega168.xcconfig */ = {isa = PBXFileReference; lastKnownFileType = text.xcconfig; name = "Arduino Mini ATmega168.xcconfig"; path = "Configurations/Arduino Mini ATmega168.xcconfig"; sourceTree = "<group>"; };
		6AABCD351D1CAB3300A0F29B /* Arduino Mini ATmega328.xcconfig */ = {isa = PBXFileReference; lastKnownFileType = text.xcconfig; name = "Arduino Mini ATmega328.xcconfig"; path = "Configurations/Arduino Mini ATmega328.xcconfig"; sourceTree = "<group>"; };
		6AABCD361D1CAB3300A0F29B /* Arduino Nano ATmega168.xcconfig */ = {isa = PBXFileReference; lastKnownFileType = text.xcconfig; name = "Arduino Nano ATmega168.xcconfig"; path = "Configurations/Arduino Nano ATmega168.xcconfig"; sourceTree = "<group>"; };
		6AABCD371D1CAB3300A0F29B /* Arduino Nano ATmega328.xcconfig */ = {isa = PBXFileReference; lastKnownFileType = text.xcconfig; name = "Arduino Nano ATmega328.xcconfig"; path = "Configurations/Arduino Nano ATmega328.xcconfig"; sourceTree = "<group>"; };
		6AABCD381D1CAB3300A0F29B /* Arduino Robot Control.xcconfig */ = {isa = PBXFileReference; lastKnownFileType = text.xcconfig; name = "Arduino Robot Control.xcconfig"; path = "Configurations/Arduino Robot Control.xcconfig"; sourceTree = "<group>"; };
		6AABCD391D1CAB3300A0F29B /* Arduino Robot Motor.xcconfig */ = {isa = PBXFileReference; lastKnownFileType = text.xcconfig; name = "Arduino Robot Motor.xcconfig"; path = "Configurations/Arduino Robot Motor.xcconfig"; sourceTree = "<group>"; };
		6AABCD3A1D1CAB3300A0F29B /* Arduino Uno.xcconfig */ = {isa = PBXFileReference; lastKnownFileType = text.xcconfig; name = "Arduino Uno.xcconfig"; path = "Configurations/Arduino Uno.xcconfig"; sourceTree = "<group>"; };
		6AABCD3B1D1CAB3300A0F29B /* Arduino Yun (USB).xcconfig */ = {isa = PBXFileReference; lastKnownFileType = text.xcconfig; name = "Arduino Yun (USB).xcconfig"; path = "Configurations/Arduino Yun (USB).xcconfig"; sourceTree = "<group>"; };
		6AABCD3C1D1CAB3300A0F29B /* ArduinoCC Zero (Native USB Port).xcconfig */ = {isa = PBXFileReference; lastKnownFileType = text.xcconfig; name = "ArduinoCC Zero (Native USB Port).xcconfig"; path = "Configurations/ArduinoCC Zero (Native USB Port).xcconfig"; sourceTree = "<group>"; };
		6AABCD3D1D1CAB3300A0F29B /* ArduinoCC Zero (Programming Port).xcconfig */ = {isa = PBXFileReference; lastKnownFileType = text.xcconfig; name = "ArduinoCC Zero (Programming Port).xcconfig"; path = "Configurations/ArduinoCC Zero (Programming Port).xcconfig"; sourceTree = "<group>"; };
		6AABCD3E1D1CAB3300A0F29B /* ArduinoORG M0 Pro (Native USB Port).xcconfig */ = {isa = PBXFileReference; lastKnownFileType = text.xcconfig; name = "ArduinoORG M0 Pro (Native USB Port).xcconfig"; path = "Configurations/ArduinoORG M0 Pro (Native USB Port).xcconfig"; sourceTree = "<group>"; };
		6AABCD3F1D1CAB3300A0F29B /* ArduinoORG M0 Pro (Programming Port).xcconfig */ = {isa = PBXFileReference; lastKnownFileType = text.xcconfig; name = "ArduinoORG M0 Pro (Programming Port).xcconfig"; path = "Configurations/ArduinoORG M0 Pro (Programming Port).xcconfig"; sourceTree = "<group>"; };
		6AABCD401D1CAB3300A0F29B /* ArduinoORG Tian (USB).xcconfig */ = {isa = PBXFileReference; lastKnownFileType = text.xcconfig; name = "ArduinoORG Tian (USB).xcconfig"; path = "Configurations/ArduinoORG Tian (USB).xcconfig"; sourceTree = "<group>"; };
		6AABCD411D1CAB3300A0F29B /* chipKIT DP32.xcconfig */ = {isa = PBXFileReference; lastKnownFileType = text.xcconfig; name = "chipKIT DP32.xcconfig"; path = "Configurations/chipKIT DP32.xcconfig"; sourceTree = "<group>"; };
		6AABCD421D1CAB3300A0F29B /* chipKIT Max32.xcconfig */ = {isa = PBXFileReference; lastKnownFileType = text.xcconfig; name = "chipKIT Max32.xcconfig"; path = "Configurations/chipKIT Max32.xcconfig"; sourceTree = "<group>"; };
		6AABCD431D1CAB3300A0F29B /* chipKIT uC32.xcconfig */ = {isa = PBXFileReference; lastKnownFileType = text.xcconfig; name = "chipKIT uC32.xcconfig"; path = "Configurations/chipKIT uC32.xcconfig"; sourceTree = "<group>"; };
		6AABCD441D1CAB3300A0F29B /* chipKIT Uno32.xcconfig */ = {isa = PBXFileReference; lastKnownFileType = text.xcconfig; name = "chipKIT Uno32.xcconfig"; path = "Configurations/chipKIT Uno32.xcconfig"; sourceTree = "<group>"; };
		6AABCD451D1CAB3300A0F29B /* chipKIT WF32.xcconfig */ = {isa = PBXFileReference; lastKnownFileType = text.xcconfig; name = "chipKIT WF32.xcconfig"; path = "Configurations/chipKIT WF32.xcconfig"; sourceTree = "<group>"; };
		6AABCD461D1CAB3300A0F29B /* chipKIT WiFire.xcconfig */ = {isa = PBXFileReference; lastKnownFileType = text.xcconfig; name = "chipKIT WiFire.xcconfig"; path = "Configurations/chipKIT WiFire.xcconfig"; sourceTree = "<group>"; };
		6AABCD471D1CAB3300A0F29B /* DFRobot BLuno.xcconfig */ = {isa = PBXFileReference; lastKnownFileType = text.xcconfig; name = "DFRobot BLuno.xcconfig"; path = "Configurations/DFRobot BLuno.xcconfig"; sourceTree = "<group>"; };
		6AABCD481D1CAB3300A0F29B /* DFRobot Wido.xcconfig */ = {isa = PBXFileReference; lastKnownFileType = text.xcconfig; name = "DFRobot Wido.xcconfig"; path = "Configurations/DFRobot Wido.xcconfig"; sourceTree = "<group>"; };
		6AABCD491D1CAB3300A0F29B /* Digistump Digispark.xcconfig */ = {isa = PBXFileReference; lastKnownFileType = text.xcconfig; name = "Digistump Digispark.xcconfig"; path = "Configurations/Digistump Digispark.xcconfig"; sourceTree = "<group>"; };
		6AABCD4A1D1CAB3300A0F29B /* Digistump Oak.xcconfig */ = {isa = PBXFileReference; lastKnownFileType = text.xcconfig; name = "Digistump Oak.xcconfig"; path = "Configurations/Digistump Oak.xcconfig"; sourceTree = "<group>"; };
		6AABCD4B1D1CAB3300A0F29B /* ESP8266.xcconfig */ = {isa = PBXFileReference; lastKnownFileType = text.xcconfig; name = ESP8266.xcconfig; path = Configurations/ESP8266.xcconfig; sourceTree = "<group>"; };
		6AABCD4C1D1CAB3300A0F29B /* NodeMCU 0.9 ESP-12.xcconfig */ = {isa = PBXFileReference; lastKnownFileType = text.xcconfig; name = "NodeMCU 0.9 ESP-12.xcconfig"; path = "Configurations/NodeMCU 0.9 ESP-12.xcconfig"; sourceTree = "<group>"; };
		6AABCD4D1D1CAB3300A0F29B /* NodeMCU 1.0 ESP-12E.xcconfig */ = {isa = PBXFileReference; lastKnownFileType = text.xcconfig; name = "NodeMCU 1.0 ESP-12E.xcconfig"; path = "Configurations/NodeMCU 1.0 ESP-12E.xcconfig"; sourceTree = "<group>"; };
		6AABCD4E1D1CAB3300A0F29B /* Experimeter Board MSP430FR5739.xcconfig */ = {isa = PBXFileReference; lastKnownFileType = text.xcconfig; name = "Experimeter Board MSP430FR5739.xcconfig"; path = "Configurations/Experimeter Board MSP430FR5739.xcconfig"; sourceTree = "<group>"; };
		6AABCD4F1D1CAB3300A0F29B /* Intel Edison (USB).xcconfig */ = {isa = PBXFileReference; lastKnownFileType = text.xcconfig; name = "Intel Edison (USB).xcconfig"; path = "Configurations/Intel Edison (USB).xcconfig"; sourceTree = "<group>"; };
		6AABCD501D1CAB3300A0F29B /* Intel Galileo.xcconfig */ = {isa = PBXFileReference; lastKnownFileType = text.xcconfig; name = "Intel Galileo.xcconfig"; path = "Configurations/Intel Galileo.xcconfig"; sourceTree = "<group>"; };
		6AABCD511D1CAB3300A0F29B /* Intel Galileo Gen2.xcconfig */ = {isa = PBXFileReference; lastKnownFileType = text.xcconfig; name = "Intel Galileo Gen2.xcconfig"; path = "Configurations/Intel Galileo Gen2.xcconfig"; sourceTree = "<group>"; };
		6AABCD521D1CAB3300A0F29B /* LaunchPad MSP432P401 EMT.xcconfig */ = {isa = PBXFileReference; lastKnownFileType = text.xcconfig; name = "LaunchPad MSP432P401 EMT.xcconfig"; path = "Configurations/LaunchPad MSP432P401 EMT.xcconfig"; sourceTree = "<group>"; };
		6AABCD531D1CAB3300A0F29B /* LaunchPad CC3200 WiFi.xcconfig */ = {isa = PBXFileReference; lastKnownFileType = text.xcconfig; name = "LaunchPad CC3200 WiFi.xcconfig"; path = "Configurations/LaunchPad CC3200 WiFi.xcconfig"; sourceTree = "<group>"; };
		6AABCD541D1CAB3300A0F29B /* LaunchPad CC3200 WiFi EMT.xcconfig */ = {isa = PBXFileReference; lastKnownFileType = text.xcconfig; name = "LaunchPad CC3200 WiFi EMT.xcconfig"; path = "Configurations/LaunchPad CC3200 WiFi EMT.xcconfig"; sourceTree = "<group>"; };
		6AABCD551D1CAB3300A0F29B /* LaunchPad LM4F120 Stellaris.xcconfig */ = {isa = PBXFileReference; lastKnownFileType = text.xcconfig; name = "LaunchPad LM4F120 Stellaris.xcconfig"; path = "Configurations/LaunchPad LM4F120 Stellaris.xcconfig"; sourceTree = "<group>"; };
		6AABCD561D1CAB3300A0F29B /* LaunchPad TM4C123 Tiva C.xcconfig */ = {isa = PBXFileReference; lastKnownFileType = text.xcconfig; name = "LaunchPad TM4C123 Tiva C.xcconfig"; path = "Configurations/LaunchPad TM4C123 Tiva C.xcconfig"; sourceTree = "<group>"; };
		6AABCD571D1CAB3300A0F29B /* LaunchPad TM4C129 Connected.xcconfig */ = {isa = PBXFileReference; lastKnownFileType = text.xcconfig; name = "LaunchPad TM4C129 Connected.xcconfig"; path = "Configurations/LaunchPad TM4C129 Connected.xcconfig"; sourceTree = "<group>"; };
		6AABCD581D1CAB3300A0F29B /* LaunchPad MSP430G2231.xcconfig */ = {isa = PBXFileReference; lastKnownFileType = text.xcconfig; name = "LaunchPad MSP430G2231.xcconfig"; path = "Configurations/LaunchPad MSP430G2231.xcconfig"; sourceTree = "<group>"; };
		6AABCD591D1CAB3300A0F29B /* LaunchPad MSP430G2452.xcconfig */ = {isa = PBXFileReference; lastKnownFileType = text.xcconfig; name = "LaunchPad MSP430G2452.xcconfig"; path = "Configurations/LaunchPad MSP430G2452.xcconfig"; sourceTree = "<group>"; };
		6AABCD5A1D1CAB3300A0F29B /* LaunchPad MSP430G2553.xcconfig */ = {isa = PBXFileReference; lastKnownFileType = text.xcconfig; name = "LaunchPad MSP430G2553.xcconfig"; path = "Configurations/LaunchPad MSP430G2553.xcconfig"; sourceTree = "<group>"; };
		6AABCD5B1D1CAB3300A0F29B /* LaunchPad MSP430F5529.xcconfig */ = {isa = PBXFileReference; lastKnownFileType = text.xcconfig; name = "LaunchPad MSP430F5529.xcconfig"; path = "Configurations/LaunchPad MSP430F5529.xcconfig"; sourceTree = "<group>"; };
		6AABCD5C1D1CAB3300A0F29B /* LaunchPad MSP430FR4133.xcconfig */ = {isa = PBXFileReference; lastKnownFileType = text.xcconfig; name = "LaunchPad MSP430FR4133.xcconfig"; path = "Configurations/LaunchPad MSP430FR4133.xcconfig"; sourceTree = "<group>"; };
		6AABCD5D1D1CAB3300A0F29B /* LaunchPad MSP430FR5969.xcconfig */ = {isa = PBXFileReference; lastKnownFileType = text.xcconfig; name = "LaunchPad MSP430FR5969.xcconfig"; path = "Configurations/LaunchPad MSP430FR5969.xcconfig"; sourceTree = "<group>"; };
		6AABCD5E1D1CAB3300A0F29B /* LaunchPad MSP430FR6989.xcconfig */ = {isa = PBXFileReference; lastKnownFileType = text.xcconfig; name = "LaunchPad MSP430FR6989.xcconfig"; path = "Configurations/LaunchPad MSP430FR6989.xcconfig"; sourceTree = "<group>"; };
		6AABCD5F1D1CAB3300A0F29B /* Little Robot Friends.xcconfig */ = {isa = PBXFileReference; lastKnownFileType = text.xcconfig; name = "Little Robot Friends.xcconfig"; path = "Configurations/Little Robot Friends.xcconfig"; sourceTree = "<group>"; };
		6AABCD601D1CAB3300A0F29B /* Maple Flash revision 3+.xcconfig */ = {isa = PBXFileReference; lastKnownFileType = text.xcconfig; name = "Maple Flash revision 3+.xcconfig"; path = "Configurations/Maple Flash revision 3+.xcconfig"; sourceTree = "<group>"; };
		6AABCD611D1CAB3300A0F29B /* Maple RAM revision 3+.xcconfig */ = {isa = PBXFileReference; lastKnownFileType = text.xcconfig; name = "Maple RAM revision 3+.xcconfig"; path = "Configurations/Maple RAM revision 3+.xcconfig"; sourceTree = "<group>"; };
		6AABCD621D1CAB3300A0F29B /* Microduino Core STM32 Flash.xcconfig */ = {isa = PBXFileReference; lastKnownFileType = text.xcconfig; name = "Microduino Core STM32 Flash.xcconfig"; path = "Configurations/Microduino Core STM32 Flash.xcconfig"; sourceTree = "<group>"; };
		6AABCD631D1CAB3300A0F29B /* Microduino Core STM32 RAM.xcconfig */ = {isa = PBXFileReference; lastKnownFileType = text.xcconfig; name = "Microduino Core STM32 RAM.xcconfig"; path = "Configurations/Microduino Core STM32 RAM.xcconfig"; sourceTree = "<group>"; };
		6AABCD641D1CAB3300A0F29B /* Microduino Core USB ATmega328U4-5V.xcconfig */ = {isa = PBXFileReference; lastKnownFileType = text.xcconfig; name = "Microduino Core USB ATmega328U4-5V.xcconfig"; path = "Configurations/Microduino Core USB ATmega328U4-5V.xcconfig"; sourceTree = "<group>"; };
		6AABCD651D1CAB3300A0F29B /* Microduino Core ATmega328-5V.xcconfig */ = {isa = PBXFileReference; lastKnownFileType = text.xcconfig; name = "Microduino Core ATmega328-5V.xcconfig"; path = "Configurations/Microduino Core ATmega328-5V.xcconfig"; sourceTree = "<group>"; };
		6AABCD661D1CAB3300A0F29B /* Microduino Core+ ATmega644-5V.xcconfig */ = {isa = PBXFileReference; lastKnownFileType = text.xcconfig; name = "Microduino Core+ ATmega644-5V.xcconfig"; path = "Configurations/Microduino Core+ ATmega644-5V.xcconfig"; sourceTree = "<group>"; };
		6AABCD671D1CAB3300A0F29B /* panStamp AVR.xcconfig */ = {isa = PBXFileReference; lastKnownFileType = text.xcconfig; name = "panStamp AVR.xcconfig"; path = "Configurations/panStamp AVR.xcconfig"; sourceTree = "<group>"; };
		6AABCD681D1CAB3300A0F29B /* panStamp NRG 1.0.xcconfig */ = {isa = PBXFileReference; lastKnownFileType = text.xcconfig; name = "panStamp NRG 1.0.xcconfig"; path = "Configurations/panStamp NRG 1.0.xcconfig"; sourceTree = "<group>"; };
		6AABCD691D1CAB3300A0F29B /* panStamp NRG 1.1.xcconfig */ = {isa = PBXFileReference; lastKnownFileType = text.xcconfig; name = "panStamp NRG 1.1.xcconfig"; path = "Configurations/panStamp NRG 1.1.xcconfig"; sourceTree = "<group>"; };
		6AABCD6A1D1CAB3300A0F29B /* RedBearLab BLE Nano.xcconfig */ = {isa = PBXFileReference; lastKnownFileType = text.xcconfig; name = "RedBearLab BLE Nano.xcconfig"; path = "Configurations/RedBearLab BLE Nano.xcconfig"; sourceTree = "<group>"; };
		6AABCD6B1D1CAB3300A0F29B /* RedBearLab nRF51822.xcconfig */ = {isa = PBXFileReference; lastKnownFileType = text.xcconfig; name = "RedBearLab nRF51822.xcconfig"; path = "Configurations/RedBearLab nRF51822.xcconfig"; sourceTree = "<group>"; };
		6AABCD6C1D1CAB3300A0F29B /* RedBearLab WiFi CC3200.xcconfig */ = {isa = PBXFileReference; lastKnownFileType = text.xcconfig; name = "RedBearLab WiFi CC3200.xcconfig"; path = "Configurations/RedBearLab WiFi CC3200.xcconfig"; sourceTree = "<group>"; };
		6AABCD6D1D1CAB3300A0F29B /* RedBearLab WiFi CC3200 EMT.xcconfig */ = {isa = PBXFileReference; lastKnownFileType = text.xcconfig; name = "RedBearLab WiFi CC3200 EMT.xcconfig"; path = "Configurations/RedBearLab WiFi CC3200 EMT.xcconfig"; sourceTree = "<group>"; };
		6AABCD6E1D1CAB3300A0F29B /* RedBearLab WiFi Mini CC3200.xcconfig */ = {isa = PBXFileReference; lastKnownFileType = text.xcconfig; name = "RedBearLab WiFi Mini CC3200.xcconfig"; path = "Configurations/RedBearLab WiFi Mini CC3200.xcconfig"; sourceTree = "<group>"; };
		6AABCD6F1D1CAB3300A0F29B /* RedBearLab WiFi Mini CC3200 EMT.xcconfig */ = {isa = PBXFileReference; lastKnownFileType = text.xcconfig; name = "RedBearLab WiFi Mini CC3200 EMT.xcconfig"; path = "Configurations/RedBearLab WiFi Mini CC3200 EMT.xcconfig"; sourceTree = "<group>"; };
		6AABCD701D1CAB3300A0F29B /* Teensy 2.0.xcconfig */ = {isa = PBXFileReference; lastKnownFileType = text.xcconfig; name = "Teensy 2.0.xcconfig"; path = "Configurations/Teensy 2.0.xcconfig"; sourceTree = "<group>"; };
		6AABCD711D1CAB3300A0F29B /* Teensy 3.0.xcconfig */ = {isa = PBXFileReference; lastKnownFileType = text.xcconfig; name = "Teensy 3.0.xcconfig"; path = "Configurations/Teensy 3.0.xcconfig"; sourceTree = "<group>"; };
		6AABCD721D1CAB3300A0F29B /* Teensy 3.1.xcconfig */ = {isa = PBXFileReference; lastKnownFileType = text.xcconfig; name = "Teensy 3.1.xcconfig"; path = "Configurations/Teensy 3.1.xcconfig"; sourceTree = "<group>"; };
		6AABCD731D1CAB3300A0F29B /* Teensy LC.xcconfig */ = {isa = PBXFileReference; lastKnownFileType = text.xcconfig; name = "Teensy LC.xcconfig"; path = "Configurations/Teensy LC.xcconfig"; sourceTree = "<group>"; };
		6AABCD741D1CAB3300A0F29B /* Udoo Neo M4.xcconfig */ = {isa = PBXFileReference; lastKnownFileType = text.xcconfig; name = "Udoo Neo M4.xcconfig"; path = "Configurations/Udoo Neo M4.xcconfig"; sourceTree = "<group>"; };
		6AABCD751D1CAB3300A0F29B /* Wiring S.xcconfig */ = {isa = PBXFileReference; lastKnownFileType = text.xcconfig; name = "Wiring S.xcconfig"; path = "Configurations/Wiring S.xcconfig"; sourceTree = "<group>"; };
		6AABCD771D1CAB3300A0F29B /* AdafruitAVR_165.mk */ = {isa = PBXFileReference; lastKnownFileType = text; name = AdafruitAVR_165.mk; path = Makefiles/AdafruitAVR_165.mk; sourceTree = "<group>"; };
		6AABCD781D1CAB3300A0F29B /* ArduinoAVR_165.mk */ = {isa = PBXFileReference; lastKnownFileType = text; name = ArduinoAVR_165.mk; path = Makefiles/ArduinoAVR_165.mk; sourceTree = "<group>"; };
		6AABCD791D1CAB3300A0F29B /* ArduinoAVR_166.mk */ = {isa = PBXFileReference; lastKnownFileType = text; name = ArduinoAVR_166.mk; path = Makefiles/ArduinoAVR_166.mk; sourceTree = "<group>"; };
		6AABCD7A1D1CAB3300A0F29B /* ArduinoAVR_177.mk */ = {isa = PBXFileReference; lastKnownFileType = text; name = ArduinoAVR_177.mk; path = Makefiles/ArduinoAVR_177.mk; sourceTree = "<group>"; };
		6AABCD7B1D1CAB3300A0F29B /* ArduinoSAM_165.mk */ = {isa = PBXFileReference; lastKnownFileType = text; name = ArduinoSAM_165.mk; path = Makefiles/ArduinoSAM_165.mk; sourceTree = "<group>"; };
		6AABCD7C1D1CAB3300A0F29B /* ArduinoSAM_177.mk */ = {isa = PBXFileReference; lastKnownFileType = text; name = ArduinoSAM_177.mk; path = Makefiles/ArduinoSAM_177.mk; sourceTree = "<group>"; };
		6AABCD7D1D1CAB3300A0F29B /* ArduinoSAMD_165.mk */ = {isa = PBXFileReference; lastKnownFileType = text; name = ArduinoSAMD_165.mk; path = Makefiles/ArduinoSAMD_165.mk; sourceTree = "<group>"; };
		6AABCD7E1D1CAB3300A0F29B /* ArduinoSAMD_177.mk */ = {isa = PBXFileReference; lastKnownFileType = text; name = ArduinoSAMD_177.mk; path = Makefiles/ArduinoSAMD_177.mk; sourceTree = "<group>"; };
		6AABCD7F1D1CAB3300A0F29B /* DigistumpAVR_165.mk */ = {isa = PBXFileReference; lastKnownFileType = text; name = DigistumpAVR_165.mk; path = Makefiles/DigistumpAVR_165.mk; sourceTree = "<group>"; };
		6AABCD801D1CAB3300A0F29B /* DigistumpOAK_165.mk */ = {isa = PBXFileReference; lastKnownFileType = text; name = DigistumpOAK_165.mk; path = Makefiles/DigistumpOAK_165.mk; sourceTree = "<group>"; };
		6AABCD811D1CAB3300A0F29B /* EnergiaMSP430.mk */ = {isa = PBXFileReference; lastKnownFileType = text; name = EnergiaMSP430.mk; path = Makefiles/EnergiaMSP430.mk; sourceTree = "<group>"; };
		6AABCD821D1CAB3300A0F29B /* EnergiaMSP432EMT.mk */ = {isa = PBXFileReference; lastKnownFileType = text; name = EnergiaMSP432EMT.mk; path = Makefiles/EnergiaMSP432EMT.mk; sourceTree = "<group>"; };
		6AABCD831D1CAB3300A0F29B /* EnergiaLM4F.mk */ = {isa = PBXFileReference; lastKnownFileType = text; name = EnergiaLM4F.mk; path = Makefiles/EnergiaLM4F.mk; sourceTree = "<group>"; };
		6AABCD841D1CAB3300A0F29B /* EnergiaCC3200.mk */ = {isa = PBXFileReference; lastKnownFileType = text; name = EnergiaCC3200.mk; path = Makefiles/EnergiaCC3200.mk; sourceTree = "<group>"; };
		6AABCD851D1CAB3300A0F29B /* EnergiaCC3200EMT.mk */ = {isa = PBXFileReference; lastKnownFileType = text; name = EnergiaCC3200EMT.mk; path = Makefiles/EnergiaCC3200EMT.mk; sourceTree = "<group>"; };
		6AABCD861D1CAB3300A0F29B /* IntelEdison_165.mk */ = {isa = PBXFileReference; lastKnownFileType = text; name = IntelEdison_165.mk; path = Makefiles/IntelEdison_165.mk; sourceTree = "<group>"; };
		6AABCD871D1CAB3300A0F29B /* IntelGalileo_165.mk */ = {isa = PBXFileReference; lastKnownFileType = text; name = IntelGalileo_165.mk; path = Makefiles/IntelGalileo_165.mk; sourceTree = "<group>"; };
		6AABCD881D1CAB3300A0F29B /* ESP8266_165.mk */ = {isa = PBXFileReference; lastKnownFileType = text; name = ESP8266_165.mk; path = Makefiles/ESP8266_165.mk; sourceTree = "<group>"; };
		6AABCD891D1CAB3300A0F29B /* MapleIDE.mk */ = {isa = PBXFileReference; lastKnownFileType = text; name = MapleIDE.mk; path = Makefiles/MapleIDE.mk; sourceTree = "<group>"; };
		6AABCD8A1D1CAB3300A0F29B /* LittleRobotFriends_165.mk */ = {isa = PBXFileReference; lastKnownFileType = text; name = LittleRobotFriends_165.mk; path = Makefiles/LittleRobotFriends_165.mk; sourceTree = "<group>"; };
		6AABCD8B1D1CAB3300A0F29B /* RedBearLabAVR_165.mk */ = {isa = PBXFileReference; lastKnownFileType = text; name = RedBearLabAVR_165.mk; path = Makefiles/RedBearLabAVR_165.mk; sourceTree = "<group>"; };
		6AABCD8C1D1CAB3300A0F29B /* RedBearLabNRF_165.mk */ = {isa = PBXFileReference; lastKnownFileType = text; name = RedBearLabNRF_165.mk; path = Makefiles/RedBearLabNRF_165.mk; sourceTree = "<group>"; };
		6AABCD8D1D1CAB3300A0F29B /* Microduino_168.mk */ = {isa = PBXFileReference; lastKnownFileType = text; name = Microduino_168.mk; path = Makefiles/Microduino_168.mk; sourceTree = "<group>"; };
		6AABCD8E1D1CAB3300A0F29B /* chipKIT_165.mk */ = {isa = PBXFileReference; lastKnownFileType = text; name = chipKIT_165.mk; path = Makefiles/chipKIT_165.mk; sourceTree = "<group>"; };
		6AABCD8F1D1CAB3300A0F29B /* panStampAVR_165.mk */ = {isa = PBXFileReference; lastKnownFileType = text; name = panStampAVR_165.mk; path = Makefiles/panStampAVR_165.mk; sourceTree = "<group>"; };
		6AABCD901D1CAB3300A0F29B /* panStampNRG_165.mk */ = {isa = PBXFileReference; lastKnownFileType = text; name = panStampNRG_165.mk; path = Makefiles/panStampNRG_165.mk; sourceTree = "<group>"; };
		6AABCD911D1CAB3300A0F29B /* Wiring.mk */ = {isa = PBXFileReference; lastKnownFileType = text; name = Wiring.mk; path = Makefiles/Wiring.mk; sourceTree = "<group>"; };
		6AABCD921D1CAB3300A0F29B /* Teensy.mk */ = {isa = PBXFileReference; lastKnownFileType = text; name = Teensy.mk; path = Makefiles/Teensy.mk; sourceTree = "<group>"; };
		6AABCD931D1CAB3300A0F29B /* Teensy2.mk */ = {isa = PBXFileReference; lastKnownFileType = text; name = Teensy2.mk; path = Makefiles/Teensy2.mk; sourceTree = "<group>"; };
		6AABCD941D1CAB3300A0F29B /* Teensy3.mk */ = {isa = PBXFileReference; lastKnownFileType = text; name = Teensy3.mk; path = Makefiles/Teensy3.mk; sourceTree = "<group>"; };
		6AABCD951D1CAB3300A0F29B /* UdooNeo_165.mk */ = {isa = PBXFileReference; lastKnownFileType = text; name = UdooNeo_165.mk; path = Makefiles/UdooNeo_165.mk; sourceTree = "<group>"; };
		6AABCD961D1CAB3300A0F29B /* About.mk */ = {isa = PBXFileReference; lastKnownFileType = text; name = About.mk; path = Makefiles/About.mk; sourceTree = "<group>"; };
		6AABCD971D1CAB3300A0F29B /* Step1.mk */ = {isa = PBXFileReference; lastKnownFileType = text; name = Step1.mk; path = Makefiles/Step1.mk; sourceTree = "<group>"; };
		6AABCD981D1CAB3300A0F29B /* Step2.mk */ = {isa = PBXFileReference; lastKnownFileType = text; name = Step2.mk; path = Makefiles/Step2.mk; sourceTree = "<group>"; };
		6AABCD991D1CAB3300A0F29B /* Avrdude.mk */ = {isa = PBXFileReference; lastKnownFileType = text; name = Avrdude.mk; path = Makefiles/Avrdude.mk; sourceTree = "<group>"; };
		6AABCD9B1D1CAB3300A0F29B /* reset_maple.py */ = {isa = PBXFileReference; lastKnownFileType = text.script.python; name = reset_maple.py; path = Utilities/reset_maple.py; sourceTree = "<group>"; };
		6AABCD9C1D1CAB3300A0F29B /* reset_1200.py */ = {isa = PBXFileReference; lastKnownFileType = text.script.python; name = reset_1200.py; path = Utilities/reset_1200.py; sourceTree = "<group>"; };
		6AABCD9D1D1CAB3300A0F29B /* embedXcode_prepare */ = {isa = PBXFileReference; lastKnownFileType = "compiled.mach-o.executable"; name = embedXcode_prepare; path = Utilities/embedXcode_prepare; sourceTree = "<group>"; };
		6AABCD9E1D1CAB3300A0F29B /* embedXcode_check */ = {isa = PBXFileReference; lastKnownFileType = "compiled.mach-o.executable"; name = embedXcode_check; path = Utilities/embedXcode_check; sourceTree = "<group>"; };
		6AABCD9F1D1CAB3300A0F29B /* embedXcode_chrono */ = {isa = PBXFileReference; lastKnownFileType = "compiled.mach-o.executable"; name = embedXcode_chrono; path = Utilities/embedXcode_chrono; sourceTree = "<group>"; };
		6AABCDA01D1CAB3300A0F29B /* TemplateIcon.icns */ = {isa = PBXFileReference; lastKnownFileType = image.icns; name = TemplateIcon.icns; path = Utilities/TemplateIcon.icns; sourceTree = "<group>"; };
		6AABCDA11D1CAB3300A0F29B /* uploader_izmir.sh */ = {isa = PBXFileReference; lastKnownFileType = text.script.sh; name = uploader_izmir.sh; path = Utilities/uploader_izmir.sh; sourceTree = "<group>"; };
		6AABCDA21D1CAB3300A0F29B /* Arduino_Remote_Sketch.ino */ = {isa = PBXFileReference; explicitFileType = sourcecode.cpp.cpp; path = Arduino_Remote_Sketch.ino; sourceTree = "<group>"; usesTabs = 0; };
/* End PBXFileReference section */

/* Begin PBXGroup section */
		6AABCD101D1CAB3300A0F29B = {
			isa = PBXGroup;
			children = (
				6AABCD1E1D1CAB3300A0F29B /* Arduino Remote Sketch */,
				6AABCD1D1D1CAB3300A0F29B /* Products */,
			);
			sourceTree = "<group>";
		};
		6AABCD1D1D1CAB3300A0F29B /* Products */ = {
			isa = PBXGroup;
			children = (
				6AABCD1C1D1CAB3300A0F29B /* Index */,
			);
			name = Products;
			sourceTree = "<group>";
		};
		6AABCD1E1D1CAB3300A0F29B /* Arduino Remote Sketch */ = {
			isa = PBXGroup;
			children = (
				6AABCD1F1D1CAB3300A0F29B /* main.cpp */,
				6AABCD211D1CAB3300A0F29B /* Makefile */,
				6AABCD231D1CAB3300A0F29B /* ReadMe.txt */,
				6AABCDA21D1CAB3300A0F29B /* Arduino_Remote_Sketch.ino */,
				6AABCD241D1CAB3300A0F29B /* Sketchbook */,
				6AABCD261D1CAB3300A0F29B /* Configurations */,
				6AABCD761D1CAB3300A0F29B /* Makefiles */,
				6AABCD9A1D1CAB3300A0F29B /* Utilities */,
			);
			path = "Arduino Remote Sketch";
			sourceTree = "<group>";
		};
		6AABCD241D1CAB3300A0F29B /* Sketchbook */ = {
			isa = PBXGroup;
			children = (
				6AABCD251D1CAB3300A0F29B /* Sketchbook.txt */,
			);
			name = Sketchbook;
			sourceTree = "<group>";
		};
		6AABCD261D1CAB3300A0F29B /* Configurations */ = {
			isa = PBXGroup;
			children = (
				6AABCD271D1CAB3300A0F29B /* 4D Systems PICadillo 35T.xcconfig */,
				6AABCD281D1CAB3300A0F29B /* Adafruit Pro Trinket 3V-12MHz.xcconfig */,
				6AABCD291D1CAB3300A0F29B /* Adafruit Pro Trinket 5V-16MHz.xcconfig */,
				6AABCD2A1D1CAB3300A0F29B /* Adafruit Trinket 3V-8MHz.xcconfig */,
				6AABCD2B1D1CAB3300A0F29B /* Adafruit Trinket 5V-16MHz.xcconfig */,
				6AABCD2C1D1CAB3300A0F29B /* Arduino Due (Native USB Port).xcconfig */,
				6AABCD2D1D1CAB3300A0F29B /* Arduino Due (Programming Port).xcconfig */,
				6AABCD2E1D1CAB3300A0F29B /* Arduino Duemilanove.xcconfig */,
				6AABCD2F1D1CAB3300A0F29B /* Arduino Leonardo.xcconfig */,
				6AABCD301D1CAB3300A0F29B /* Arduino Mega 2560.xcconfig */,
				6AABCD311D1CAB3300A0F29B /* Arduino Micro.xcconfig */,
				6AABCD321D1CAB3300A0F29B /* Arduino Pro ATmega328-3.3V.xcconfig */,
				6AABCD331D1CAB3300A0F29B /* Arduino Pro ATmega328-5V.xcconfig */,
				6AABCD341D1CAB3300A0F29B /* Arduino Mini ATmega168.xcconfig */,
				6AABCD351D1CAB3300A0F29B /* Arduino Mini ATmega328.xcconfig */,
				6AABCD361D1CAB3300A0F29B /* Arduino Nano ATmega168.xcconfig */,
				6AABCD371D1CAB3300A0F29B /* Arduino Nano ATmega328.xcconfig */,
				6AABCD381D1CAB3300A0F29B /* Arduino Robot Control.xcconfig */,
				6AABCD391D1CAB3300A0F29B /* Arduino Robot Motor.xcconfig */,
				6AABCD3A1D1CAB3300A0F29B /* Arduino Uno.xcconfig */,
				6AABCD3B1D1CAB3300A0F29B /* Arduino Yun (USB).xcconfig */,
				6AABCD3C1D1CAB3300A0F29B /* ArduinoCC Zero (Native USB Port).xcconfig */,
				6AABCD3D1D1CAB3300A0F29B /* ArduinoCC Zero (Programming Port).xcconfig */,
				6AABCD3E1D1CAB3300A0F29B /* ArduinoORG M0 Pro (Native USB Port).xcconfig */,
				6AABCD3F1D1CAB3300A0F29B /* ArduinoORG M0 Pro (Programming Port).xcconfig */,
				6AABCD401D1CAB3300A0F29B /* ArduinoORG Tian (USB).xcconfig */,
				6AABCD411D1CAB3300A0F29B /* chipKIT DP32.xcconfig */,
				6AABCD421D1CAB3300A0F29B /* chipKIT Max32.xcconfig */,
				6AABCD431D1CAB3300A0F29B /* chipKIT uC32.xcconfig */,
				6AABCD441D1CAB3300A0F29B /* chipKIT Uno32.xcconfig */,
				6AABCD451D1CAB3300A0F29B /* chipKIT WF32.xcconfig */,
				6AABCD461D1CAB3300A0F29B /* chipKIT WiFire.xcconfig */,
				6AABCD471D1CAB3300A0F29B /* DFRobot BLuno.xcconfig */,
				6AABCD481D1CAB3300A0F29B /* DFRobot Wido.xcconfig */,
				6AABCD491D1CAB3300A0F29B /* Digistump Digispark.xcconfig */,
				6AABCD4A1D1CAB3300A0F29B /* Digistump Oak.xcconfig */,
				6AABCD4B1D1CAB3300A0F29B /* ESP8266.xcconfig */,
				6AABCD4C1D1CAB3300A0F29B /* NodeMCU 0.9 ESP-12.xcconfig */,
				6AABCD4D1D1CAB3300A0F29B /* NodeMCU 1.0 ESP-12E.xcconfig */,
				6AABCD4E1D1CAB3300A0F29B /* Experimeter Board MSP430FR5739.xcconfig */,
				6AABCD4F1D1CAB3300A0F29B /* Intel Edison (USB).xcconfig */,
				6AABCD501D1CAB3300A0F29B /* Intel Galileo.xcconfig */,
				6AABCD511D1CAB3300A0F29B /* Intel Galileo Gen2.xcconfig */,
				6AABCD521D1CAB3300A0F29B /* LaunchPad MSP432P401 EMT.xcconfig */,
				6AABCD531D1CAB3300A0F29B /* LaunchPad CC3200 WiFi.xcconfig */,
				6AABCD541D1CAB3300A0F29B /* LaunchPad CC3200 WiFi EMT.xcconfig */,
				6AABCD551D1CAB3300A0F29B /* LaunchPad LM4F120 Stellaris.xcconfig */,
				6AABCD561D1CAB3300A0F29B /* LaunchPad TM4C123 Tiva C.xcconfig */,
				6AABCD571D1CAB3300A0F29B /* LaunchPad TM4C129 Connected.xcconfig */,
				6AABCD581D1CAB3300A0F29B /* LaunchPad MSP430G2231.xcconfig */,
				6AABCD591D1CAB3300A0F29B /* LaunchPad MSP430G2452.xcconfig */,
				6AABCD5A1D1CAB3300A0F29B /* LaunchPad MSP430G2553.xcconfig */,
				6AABCD5B1D1CAB3300A0F29B /* LaunchPad MSP430F5529.xcconfig */,
				6AABCD5C1D1CAB3300A0F29B /* LaunchPad MSP430FR4133.xcconfig */,
				6AABCD5D1D1CAB3300A0F29B /* LaunchPad MSP430FR5969.xcconfig */,
				6AABCD5E1D1CAB3300A0F29B /* LaunchPad MSP430FR6989.xcconfig */,
				6AABCD5F1D1CAB3300A0F29B /* Little Robot Friends.xcconfig */,
				6AABCD601D1CAB3300A0F29B /* Maple Flash revision 3+.xcconfig */,
				6AABCD611D1CAB3300A0F29B /* Maple RAM revision 3+.xcconfig */,
				6AABCD621D1CAB3300A0F29B /* Microduino Core STM32 Flash.xcconfig */,
				6AABCD631D1CAB3300A0F29B /* Microduino Core STM32 RAM.xcconfig */,
				6AABCD641D1CAB3300A0F29B /* Microduino Core USB ATmega328U4-5V.xcconfig */,
				6AABCD651D1CAB3300A0F29B /* Microduino Core ATmega328-5V.xcconfig */,
				6AABCD661D1CAB3300A0F29B /* Microduino Core+ ATmega644-5V.xcconfig */,
				6AABCD671D1CAB3300A0F29B /* panStamp AVR.xcconfig */,
				6AABCD681D1CAB3300A0F29B /* panStamp NRG 1.0.xcconfig */,
				6AABCD691D1CAB3300A0F29B /* panStamp NRG 1.1.xcconfig */,
				6AABCD6A1D1CAB3300A0F29B /* RedBearLab BLE Nano.xcconfig */,
				6AABCD6B1D1CAB3300A0F29B /* RedBearLab nRF51822.xcconfig */,
				6AABCD6C1D1CAB3300A0F29B /* RedBearLab WiFi CC3200.xcconfig */,
				6AABCD6D1D1CAB3300A0F29B /* RedBearLab WiFi CC3200 EMT.xcconfig */,
				6AABCD6E1D1CAB3300A0F29B /* RedBearLab WiFi Mini CC3200.xcconfig */,
				6AABCD6F1D1CAB3300A0F29B /* RedBearLab WiFi Mini CC3200 EMT.xcconfig */,
				6AABCD701D1CAB3300A0F29B /* Teensy 2.0.xcconfig */,
				6AABCD711D1CAB3300A0F29B /* Teensy 3.0.xcconfig */,
				6AABCD721D1CAB3300A0F29B /* Teensy 3.1.xcconfig */,
				6AABCD731D1CAB3300A0F29B /* Teensy LC.xcconfig */,
				6AABCD741D1CAB3300A0F29B /* Udoo Neo M4.xcconfig */,
				6AABCD751D1CAB3300A0F29B /* Wiring S.xcconfig */,
			);
			name = Configurations;
			sourceTree = "<group>";
		};
		6AABCD761D1CAB3300A0F29B /* Makefiles */ = {
			isa = PBXGroup;
			children = (
				6AABCD771D1CAB3300A0F29B /* AdafruitAVR_165.mk */,
				6AABCD781D1CAB3300A0F29B /* ArduinoAVR_165.mk */,
				6AABCD791D1CAB3300A0F29B /* ArduinoAVR_166.mk */,
				6AABCD7A1D1CAB3300A0F29B /* ArduinoAVR_177.mk */,
				6AABCD7B1D1CAB3300A0F29B /* ArduinoSAM_165.mk */,
				6AABCD7C1D1CAB3300A0F29B /* ArduinoSAM_177.mk */,
				6AABCD7D1D1CAB3300A0F29B /* ArduinoSAMD_165.mk */,
				6AABCD7E1D1CAB3300A0F29B /* ArduinoSAMD_177.mk */,
				6AABCD7F1D1CAB3300A0F29B /* DigistumpAVR_165.mk */,
				6AABCD801D1CAB3300A0F29B /* DigistumpOAK_165.mk */,
				6AABCD811D1CAB3300A0F29B /* EnergiaMSP430.mk */,
				6AABCD821D1CAB3300A0F29B /* EnergiaMSP432EMT.mk */,
				6AABCD831D1CAB3300A0F29B /* EnergiaLM4F.mk */,
				6AABCD841D1CAB3300A0F29B /* EnergiaCC3200.mk */,
				6AABCD851D1CAB3300A0F29B /* EnergiaCC3200EMT.mk */,
				6AABCD861D1CAB3300A0F29B /* IntelEdison_165.mk */,
				6AABCD871D1CAB3300A0F29B /* IntelGalileo_165.mk */,
				6AABCD881D1CAB3300A0F29B /* ESP8266_165.mk */,
				6AABCD891D1CAB3300A0F29B /* MapleIDE.mk */,
				6AABCD8A1D1CAB3300A0F29B /* LittleRobotFriends_165.mk */,
				6AABCD8B1D1CAB3300A0F29B /* RedBearLabAVR_165.mk */,
				6AABCD8C1D1CAB3300A0F29B /* RedBearLabNRF_165.mk */,
				6AABCD8D1D1CAB3300A0F29B /* Microduino_168.mk */,
				6AABCD8E1D1CAB3300A0F29B /* chipKIT_165.mk */,
				6AABCD8F1D1CAB3300A0F29B /* panStampAVR_165.mk */,
				6AABCD901D1CAB3300A0F29B /* panStampNRG_165.mk */,
				6AABCD911D1CAB3300A0F29B /* Wiring.mk */,
				6AABCD921D1CAB3300A0F29B /* Teensy.mk */,
				6AABCD931D1CAB3300A0F29B /* Teensy2.mk */,
				6AABCD941D1CAB3300A0F29B /* Teensy3.mk */,
				6AABCD951D1CAB3300A0F29B /* UdooNeo_165.mk */,
				6AABCD961D1CAB3300A0F29B /* About.mk */,
				6AABCD971D1CAB3300A0F29B /* Step1.mk */,
				6AABCD981D1CAB3300A0F29B /* Step2.mk */,
				6AABCD991D1CAB3300A0F29B /* Avrdude.mk */,
			);
			name = Makefiles;
			sourceTree = "<group>";
		};
		6AABCD9A1D1CAB3300A0F29B /* Utilities */ = {
			isa = PBXGroup;
			children = (
				6AABCD9B1D1CAB3300A0F29B /* reset_maple.py */,
				6AABCD9C1D1CAB3300A0F29B /* reset_1200.py */,
				6AABCD9D1D1CAB3300A0F29B /* embedXcode_prepare */,
				6AABCD9E1D1CAB3300A0F29B /* embedXcode_check */,
				6AABCD9F1D1CAB3300A0F29B /* embedXcode_chrono */,
				6AABCDA01D1CAB3300A0F29B /* TemplateIcon.icns */,
				6AABCDA11D1CAB3300A0F29B /* uploader_izmir.sh */,
			);
			name = Utilities;
			sourceTree = "<group>";
		};
/* End PBXGroup section */

/* Begin PBXLegacyTarget section */
		6AABCD151D1CAB3300A0F29B /* All */ = {
			isa = PBXLegacyTarget;
			buildArgumentsString = "all -C \"$(PROJECT)\"";
			buildConfigurationList = 6AABCDA51D1CAB3300A0F29B /* Build configuration list for PBXLegacyTarget "All" */;
			buildPhases = (
			);
			buildToolPath = make;
			dependencies = (
			);
			name = All;
			passBuildSettingsInEnvironment = 1;
			productName = All;
		};
		6AABCD161D1CAB3300A0F29B /* Build */ = {
			isa = PBXLegacyTarget;
			buildArgumentsString = "build -C \"$(PROJECT)\"";
			buildConfigurationList = 6AABCDA81D1CAB3300A0F29B /* Build configuration list for PBXLegacyTarget "Build" */;
			buildPhases = (
			);
			buildToolPath = make;
			dependencies = (
			);
			name = Build;
			passBuildSettingsInEnvironment = 1;
			productName = Build;
		};
		6AABCD171D1CAB3300A0F29B /* Boards */ = {
			isa = PBXLegacyTarget;
			buildArgumentsString = "boards -C \"$(PROJECT)\"";
			buildConfigurationList = 6AABCDAB1D1CAB3300A0F29B /* Build configuration list for PBXLegacyTarget "Boards" */;
			buildPhases = (
			);
			buildToolPath = make;
			dependencies = (
			);
			name = Boards;
			passBuildSettingsInEnvironment = 1;
			productName = Boards;
		};
		6AABCD181D1CAB3300A0F29B /* Serial */ = {
			isa = PBXLegacyTarget;
			buildArgumentsString = "serial -C \"$(PROJECT)\"";
			buildConfigurationList = 6AABCDAE1D1CAB3300A0F29B /* Build configuration list for PBXLegacyTarget "Serial" */;
			buildPhases = (
			);
			buildToolPath = make;
			dependencies = (
			);
			name = Serial;
			passBuildSettingsInEnvironment = 1;
			productName = Serial;
		};
		6AABCD191D1CAB3300A0F29B /* Upload */ = {
			isa = PBXLegacyTarget;
			buildArgumentsString = "upload -C \"$(PROJECT)\"";
			buildConfigurationList = 6AABCDB11D1CAB3300A0F29B /* Build configuration list for PBXLegacyTarget "Upload" */;
			buildPhases = (
			);
			buildToolPath = make;
			dependencies = (
			);
			name = Upload;
			passBuildSettingsInEnvironment = 1;
			productName = Upload;
		};
/* End PBXLegacyTarget section */

/* Begin PBXNativeTarget section */
		6AABCD1B1D1CAB3300A0F29B /* Index */ = {
			isa = PBXNativeTarget;
			buildConfigurationList = 6AABCDB41D1CAB3300A0F29B /* Build configuration list for PBXNativeTarget "Index" */;
			buildPhases = (
				6AABCD1A1D1CAB3300A0F29B /* Sources */,
			);
			buildRules = (
			);
			dependencies = (
			);
			name = Index;
			productName = Index;
			productReference = 6AABCD1C1D1CAB3300A0F29B /* Index */;
			productType = "com.apple.product-type.tool";
		};
/* End PBXNativeTarget section */

/* Begin PBXProject section */
		6AABCD111D1CAB3300A0F29B /* Project object */ = {
			isa = PBXProject;
			attributes = {
				LastUpgradeCheck = 0730;
				ORGANIZATIONNAME = "Tristan Pollard";
				TargetAttributes = {
					6AABCD151D1CAB3300A0F29B = {
						CreatedOnToolsVersion = 7.3.1;
					};
					6AABCD161D1CAB3300A0F29B = {
						CreatedOnToolsVersion = 7.3.1;
					};
					6AABCD171D1CAB3300A0F29B = {
						CreatedOnToolsVersion = 7.3.1;
					};
					6AABCD181D1CAB3300A0F29B = {
						CreatedOnToolsVersion = 7.3.1;
					};
					6AABCD191D1CAB3300A0F29B = {
						CreatedOnToolsVersion = 7.3.1;
					};
					6AABCD1B1D1CAB3300A0F29B = {
						CreatedOnToolsVersion = 7.3.1;
					};
				};
			};
			buildConfigurationList = 6AABCD141D1CAB3300A0F29B /* Build configuration list for PBXProject "Arduino Remote Sketch" */;
			compatibilityVersion = "Xcode 3.2";
			developmentRegion = English;
			hasScannedForEncodings = 0;
			knownRegions = (
				en,
			);
			mainGroup = 6AABCD101D1CAB3300A0F29B;
			productRefGroup = 6AABCD1D1D1CAB3300A0F29B /* Products */;
			projectDirPath = "";
			projectRoot = "";
			targets = (
				6AABCD151D1CAB3300A0F29B /* All */,
				6AABCD161D1CAB3300A0F29B /* Build */,
				6AABCD171D1CAB3300A0F29B /* Boards */,
				6AABCD181D1CAB3300A0F29B /* Serial */,
				6AABCD191D1CAB3300A0F29B /* Upload */,
				6AABCD1B1D1CAB3300A0F29B /* Index */,
			);
		};
/* End PBXProject section */

/* Begin PBXSourcesBuildPhase section */
		6AABCD1A1D1CAB3300A0F29B /* Sources */ = {
			isa = PBXSourcesBuildPhase;
			buildActionMask = 2147483647;
			files = (
				6AABCD221D1CAB3300A0F29B /* Makefile in Sources */,
				6AABCD201D1CAB3300A0F29B /* main.cpp in Sources */,
			);
			runOnlyForDeploymentPostprocessing = 0;
		};
/* End PBXSourcesBuildPhase section */

/* Begin XCBuildConfiguration section */
		6AABCDA31D1CAB3300A0F29B /* Debug */ = {
			isa = XCBuildConfiguration;
			baseConfigurationReference = 6AABCD3A1D1CAB3300A0F29B /* Arduino Uno.xcconfig */;
			buildSettings = {
				ALWAYS_SEARCH_USER_PATHS = NO;
				CLANG_ANALYZER_NONNULL = YES;
				CLANG_CXX_LANGUAGE_STANDARD = "gnu++0x";
				CLANG_CXX_LIBRARY = "libc++";
				CLANG_ENABLE_MODULES = YES;
				CLANG_ENABLE_OBJC_ARC = YES;
				CLANG_WARN_BOOL_CONVERSION = YES;
				CLANG_WARN_CONSTANT_CONVERSION = YES;
				CLANG_WARN_DIRECT_OBJC_ISA_USAGE = YES_ERROR;
				CLANG_WARN_EMPTY_BODY = YES;
				CLANG_WARN_ENUM_CONVERSION = YES;
				CLANG_WARN_INT_CONVERSION = YES;
				CLANG_WARN_OBJC_ROOT_CLASS = YES_ERROR;
				CLANG_WARN_UNREACHABLE_CODE = YES;
				CLANG_WARN__DUPLICATE_METHOD_MATCH = YES;
				COPY_PHASE_STRIP = NO;
				DEBUG_INFORMATION_FORMAT = dwarf;
				ENABLE_STRICT_OBJC_MSGSEND = YES;
				ENABLE_TESTABILITY = YES;
				GCC_C_LANGUAGE_STANDARD = gnu99;
				GCC_DYNAMIC_NO_PIC = NO;
				GCC_NO_COMMON_BLOCKS = YES;
				GCC_OPTIMIZATION_LEVEL = 0;
				GCC_PREPROCESSOR_DEFINITIONS = (
					"DEBUG=1",
					"$(inherited)",
				);
				GCC_WARN_64_TO_32_BIT_CONVERSION = YES;
				GCC_WARN_ABOUT_RETURN_TYPE = YES_ERROR;
				GCC_WARN_UNDECLARED_SELECTOR = YES;
				GCC_WARN_UNINITIALIZED_AUTOS = YES_AGGRESSIVE;
				GCC_WARN_UNUSED_FUNCTION = YES;
				GCC_WARN_UNUSED_VARIABLE = YES;
				HEADER_SEARCH_PATHS = "$(inherited)";
				MTL_ENABLE_DEBUG_INFO = YES;
				ONLY_ACTIVE_ARCH = YES;
				PATH = "$(PATH):$(PROJECT_DIR)";
				PRODUCT_NAME = "$(TARGET_NAME)";
				SKETCHBOOK_DIR = "";
				UPDATE_POLICY = 0;
			};
			name = Debug;
		};
		6AABCDA41D1CAB3300A0F29B /* Release */ = {
			isa = XCBuildConfiguration;
			buildSettings = {
				ALWAYS_SEARCH_USER_PATHS = NO;
				CLANG_ANALYZER_NONNULL = YES;
				CLANG_CXX_LANGUAGE_STANDARD = "gnu++0x";
				CLANG_CXX_LIBRARY = "libc++";
				CLANG_ENABLE_MODULES = YES;
				CLANG_ENABLE_OBJC_ARC = YES;
				CLANG_WARN_BOOL_CONVERSION = YES;
				CLANG_WARN_CONSTANT_CONVERSION = YES;
				CLANG_WARN_DIRECT_OBJC_ISA_USAGE = YES_ERROR;
				CLANG_WARN_EMPTY_BODY = YES;
				CLANG_WARN_ENUM_CONVERSION = YES;
				CLANG_WARN_INT_CONVERSION = YES;
				CLANG_WARN_OBJC_ROOT_CLASS = YES_ERROR;
				CLANG_WARN_UNREACHABLE_CODE = YES;
				CLANG_WARN__DUPLICATE_METHOD_MATCH = YES;
				COPY_PHASE_STRIP = NO;
				DEBUG_INFORMATION_FORMAT = "dwarf-with-dsym";
				ENABLE_NS_ASSERTIONS = NO;
				ENABLE_STRICT_OBJC_MSGSEND = YES;
				GCC_C_LANGUAGE_STANDARD = gnu99;
				GCC_NO_COMMON_BLOCKS = YES;
				GCC_WARN_64_TO_32_BIT_CONVERSION = YES;
				GCC_WARN_ABOUT_RETURN_TYPE = YES_ERROR;
				GCC_WARN_UNDECLARED_SELECTOR = YES;
				GCC_WARN_UNINITIALIZED_AUTOS = YES_AGGRESSIVE;
				GCC_WARN_UNUSED_FUNCTION = YES;
				GCC_WARN_UNUSED_VARIABLE = YES;
				HEADER_SEARCH_PATHS = "$(inherited)";
				MTL_ENABLE_DEBUG_INFO = NO;
				PATH = "$(PATH):$(PROJECT_DIR)";
				PRODUCT_NAME = "$(TARGET_NAME)";
				SKETCHBOOK_DIR = "";
				UPDATE_POLICY = 0;
			};
			name = Release;
		};
		6AABCDA61D1CAB3300A0F29B /* Debug */ = {
			isa = XCBuildConfiguration;
			buildSettings = {
				PRODUCT_NAME = "$(TARGET_NAME)";
			};
			name = Debug;
		};
		6AABCDA71D1CAB3300A0F29B /* Release */ = {
			isa = XCBuildConfiguration;
			buildSettings = {
				PRODUCT_NAME = "$(TARGET_NAME)";
			};
			name = Release;
		};
		6AABCDA91D1CAB3300A0F29B /* Debug */ = {
			isa = XCBuildConfiguration;
			buildSettings = {
			};
			name = Debug;
		};
		6AABCDAA1D1CAB3300A0F29B /* Release */ = {
			isa = XCBuildConfiguration;
			buildSettings = {
			};
			name = Release;
		};
		6AABCDAC1D1CAB3300A0F29B /* Debug */ = {
			isa = XCBuildConfiguration;
			buildSettings = {
			};
			name = Debug;
		};
		6AABCDAD1D1CAB3300A0F29B /* Release */ = {
			isa = XCBuildConfiguration;
			buildSettings = {
			};
			name = Release;
		};
		6AABCDAF1D1CAB3300A0F29B /* Debug */ = {
			isa = XCBuildConfiguration;
			buildSettings = {
			};
			name = Debug;
		};
		6AABCDB01D1CAB3300A0F29B /* Release */ = {
			isa = XCBuildConfiguration;
			buildSettings = {
			};
			name = Release;
		};
		6AABCDB21D1CAB3300A0F29B /* Debug */ = {
			isa = XCBuildConfiguration;
			buildSettings = {
			};
			name = Debug;
		};
		6AABCDB31D1CAB3300A0F29B /* Release */ = {
			isa = XCBuildConfiguration;
			buildSettings = {
			};
			name = Release;
		};
		6AABCDB51D1CAB3300A0F29B /* Debug */ = {
			isa = XCBuildConfiguration;
			buildSettings = {
			};
			name = Debug;
		};
		6AABCDB61D1CAB3300A0F29B /* Release */ = {
			isa = XCBuildConfiguration;
			buildSettings = {
			};
			name = Release;
		};
/* End XCBuildConfiguration section */

/* Begin XCConfigurationList section */
		6AABCD141D1CAB3300A0F29B /* Build configuration list for PBXProject "Arduino Remote Sketch" */ = {
			isa = XCConfigurationList;
			buildConfigurations = (
				6AABCDA31D1CAB3300A0F29B /* Debug */,
				6AABCDA41D1CAB3300A0F29B /* Release */,
			);
			defaultConfigurationIsVisible = 0;
			defaultConfigurationName = Release;
		};
		6AABCDA51D1CAB3300A0F29B /* Build configuration list for PBXLegacyTarget "All" */ = {
			isa = XCConfigurationList;
			buildConfigurations = (
				6AABCDA61D1CAB3300A0F29B /* Debug */,
				6AABCDA71D1CAB3300A0F29B /* Release */,
			);
			defaultConfigurationIsVisible = 0;
		};
		6AABCDA81D1CAB3300A0F29B /* Build configuration list for PBXLegacyTarget "Build" */ = {
			isa = XCConfigurationList;
			buildConfigurations = (
				6AABCDA91D1CAB3300A0F29B /* Debug */,
				6AABCDAA1D1CAB3300A0F29B /* Release */,
			);
			defaultConfigurationIsVisible = 0;
		};
		6AABCDAB1D1CAB3300A0F29B /* Build configuration list for PBXLegacyTarget "Boards" */ = {
			isa = XCConfigurationList;
			buildConfigurations = (
				6AABCDAC1D1CAB3300A0F29B /* Debug */,
				6AABCDAD1D1CAB3300A0F29B /* Release */,
			);
			defaultConfigurationIsVisible = 0;
		};
		6AABCDAE1D1CAB3300A0F29B /* Build configuration list for PBXLegacyTarget "Serial" */ = {
			isa = XCConfigurationList;
			buildConfigurations = (
				6AABCDAF1D1CAB3300A0F29B /* Debug */,
				6AABCDB01D1CAB3300A0F29B /* Release */,
			);
			defaultConfigurationIsVisible = 0;
		};
		6AABCDB11D1CAB3300A0F29B /* Build configuration list for PBXLegacyTarget "Upload" */ = {
			isa = XCConfigurationList;
			buildConfigurations = (
				6AABCDB21D1CAB3300A0F29B /* Debug */,
				6AABCDB31D1CAB3300A0F29B /* Release */,
			);
			defaultConfigurationIsVisible = 0;
		};
		6AABCDB41D1CAB3300A0F29B /* Build configuration list for PBXNativeTarget "Index" */ = {
			isa = XCConfigurationList;
			buildConfigurations = (
				6AABCDB51D1CAB3300A0F29B /* Debug */,
				6AABCDB61D1CAB3300A0F29B /* Release */,
			);
			defaultConfigurationIsVisible = 0;
		};
/* End XCConfigurationList section */
	};
	rootObject = 6AABCD111D1CAB3300A0F29B /* Project object */;
}
